
Microsoft Visual Studio Solution File, Format Version 12.00
# Visual Studio Version 17
VisualStudioVersion = 17.1.32319.34
MinimumVisualStudioVersion = 10.0.40219.1
Project("{9A19103F-16F7-4668-BE54-9A1E7A4F7556}") = "A-Eye Controller", "A-Eye_Controller\A-Eye Controller.csproj", "{CF810405-38AB-4320-979F-A8607E6BF422}"
EndProject
Project("{FAE04EC0-301F-11D3-BF4B-00C04F79EFBC}") = "SpecFlowProject1", "SpecFlowProject1\SpecFlowProject1.csproj", "{20890CFC-E23D-4C76-9ABF-D44DEEBA30CF}"
EndProject
Global
	GlobalSection(SolutionConfigurationPlatforms) = preSolution
		Debug|Any CPU = Debug|Any CPU
		Release|Any CPU = Release|Any CPU
	EndGlobalSection
	GlobalSection(ProjectConfigurationPlatforms) = postSolution
		{CF810405-38AB-4320-979F-A8607E6BF422}.Debug|Any CPU.ActiveCfg = Debug|Any CPU
		{CF810405-38AB-4320-979F-A8607E6BF422}.Debug|Any CPU.Build.0 = Debug|Any CPU
		{CF810405-38AB-4320-979F-A8607E6BF422}.Release|Any CPU.ActiveCfg = Release|Any CPU
		{CF810405-38AB-4320-979F-A8607E6BF422}.Release|Any CPU.Build.0 = Release|Any CPU
		{20890CFC-E23D-4C76-9ABF-D44DEEBA30CF}.Debug|Any CPU.ActiveCfg = Debug|Any CPU
		{20890CFC-E23D-4C76-9ABF-D44DEEBA30CF}.Debug|Any CPU.Build.0 = Debug|Any CPU
		{20890CFC-E23D-4C76-9ABF-D44DEEBA30CF}.Release|Any CPU.ActiveCfg = Release|Any CPU
		{20890CFC-E23D-4C76-9ABF-D44DEEBA30CF}.Release|Any CPU.Build.0 = Release|Any CPU
	EndGlobalSection
	GlobalSection(SolutionProperties) = preSolution
		HideSolutionNode = FALSE
	EndGlobalSection
	GlobalSection(ExtensibilityGlobals) = postSolution
		SolutionGuid = {2379DD97-AE4E-4881-9CF5-0E3A19003427}
	EndGlobalSection
EndGlobal
